hash: f677ec90af8f954541f36654402990f414fe2b55b2f137359b7fc12bc481e885
updated: 2016-09-26T08:57:39.52496-07:00
imports:
- name: github.com/klauspost/compress
  version: d0763f13d86e630f5d3ea9fa848a6ecc68255297
  subpackages:
  - flate
  - gzip
  - zlib
- name: github.com/klauspost/cpuid
  version: 09cded8978dc9e80714c4d85b0322337b0a1e5e0
- name: github.com/klauspost/crc32
  version: 19b0b332c9e4516a6370a0456e6182c3b5036720
- name: github.com/valyala/bytebufferpool
  version: e746df99fe4a3986f4d4f79e13c1e0117ce9c2f7
- name: github.com/valyala/fasthttp
  version: 31a397777b0a46ac50f43343e35680e661944b62
  subpackages:
  - fasthttputil
testImports: []
